// !$*UTF8*$!
{
	archiveVersion = 1;
	classes = {
	};
	objectVersion = 46;
	objects = {

/* Begin PBXBuildFile section */
		CB59768519B48FE90075EA8C /* GCD.swift in Sources */ = {isa = PBXBuildFile; fileRef = CB59767D19B48FE90075EA8C /* GCD.swift */; };
		CB59768619B48FE90075EA8C /* Net.swift in Sources */ = {isa = PBXBuildFile; fileRef = CB59767E19B48FE90075EA8C /* Net.swift */; };
		CB59768719B48FE90075EA8C /* NetData.swift in Sources */ = {isa = PBXBuildFile; fileRef = CB59767F19B48FE90075EA8C /* NetData.swift */; };
		CB59768819B48FE90075EA8C /* NetDownloadTask.swift in Sources */ = {isa = PBXBuildFile; fileRef = CB59768019B48FE90075EA8C /* NetDownloadTask.swift */; };
		CB59768919B48FE90075EA8C /* NetHelper.swift in Sources */ = {isa = PBXBuildFile; fileRef = CB59768119B48FE90075EA8C /* NetHelper.swift */; };
		CB59768A19B48FE90075EA8C /* NetRequestSerialization.swift in Sources */ = {isa = PBXBuildFile; fileRef = CB59768219B48FE90075EA8C /* NetRequestSerialization.swift */; };
		CB59768B19B48FE90075EA8C /* NetResponseData.swift in Sources */ = {isa = PBXBuildFile; fileRef = CB59768319B48FE90075EA8C /* NetResponseData.swift */; };
		CB59768C19B48FE90075EA8C /* NetUploadTask.swift in Sources */ = {isa = PBXBuildFile; fileRef = CB59768419B48FE90075EA8C /* NetUploadTask.swift */; };
		CB5AF04319B0613500CCB912 /* AppDelegate.swift in Sources */ = {isa = PBXBuildFile; fileRef = CB5AF04219B0613500CCB912 /* AppDelegate.swift */; };
		CB5AF04519B0613500CCB912 /* MainViewController.swift in Sources */ = {isa = PBXBuildFile; fileRef = CB5AF04419B0613500CCB912 /* MainViewController.swift */; };
		CB5AF04819B0613500CCB912 /* Main.storyboard in Resources */ = {isa = PBXBuildFile; fileRef = CB5AF04619B0613500CCB912 /* Main.storyboard */; };
		CB5AF04A19B0613500CCB912 /* Images.xcassets in Resources */ = {isa = PBXBuildFile; fileRef = CB5AF04919B0613500CCB912 /* Images.xcassets */; };
		CB5AF05619B0613500CCB912 /* helpDeskTests.swift in Sources */ = {isa = PBXBuildFile; fileRef = CB5AF05519B0613500CCB912 /* helpDeskTests.swift */; };
		CB5AF07819B0695400CCB912 /* beep.wav in Resources */ = {isa = PBXBuildFile; fileRef = CB5AF06019B0695400CCB912 /* beep.wav */; };
		CB5AF07919B0695400CCB912 /* camera-swap-icon-pressed.png in Resources */ = {isa = PBXBuildFile; fileRef = CB5AF06119B0695400CCB912 /* camera-swap-icon-pressed.png */; };
		CB5AF07A19B0695400CCB912 /* camera-swap-icon-pressed@2x.png in Resources */ = {isa = PBXBuildFile; fileRef = CB5AF06219B0695400CCB912 /* camera-swap-icon-pressed@2x.png */; };
		CB5AF07B19B0695400CCB912 /* camera-swap-icon.png in Resources */ = {isa = PBXBuildFile; fileRef = CB5AF06319B0695400CCB912 /* camera-swap-icon.png */; };
		CB5AF07C19B0695400CCB912 /* camera-swap-icon@2x.png in Resources */ = {isa = PBXBuildFile; fileRef = CB5AF06419B0695400CCB912 /* camera-swap-icon@2x.png */; };
		CB5AF07D19B0695400CCB912 /* CHANGELOG.txt in Resources */ = {isa = PBXBuildFile; fileRef = CB5AF06519B0695400CCB912 /* CHANGELOG.txt */; };
		CB5AF07E19B0695400CCB912 /* scanditsdk.strings in Resources */ = {isa = PBXBuildFile; fileRef = CB5AF06619B0695400CCB912 /* scanditsdk.strings */; };
		CB5AF07F19B0695400CCB912 /* empty.cpp in Sources */ = {isa = PBXBuildFile; fileRef = CB5AF06819B0695400CCB912 /* empty.cpp */; };
		CB5AF08019B0695400CCB912 /* flashlight-turn-off-icon-pressed.png in Resources */ = {isa = PBXBuildFile; fileRef = CB5AF06A19B0695400CCB912 /* flashlight-turn-off-icon-pressed.png */; };
		CB5AF08119B0695400CCB912 /* flashlight-turn-off-icon-pressed@2x.png in Resources */ = {isa = PBXBuildFile; fileRef = CB5AF06B19B0695400CCB912 /* flashlight-turn-off-icon-pressed@2x.png */; };
		CB5AF08219B0695400CCB912 /* flashlight-turn-off-icon.png in Resources */ = {isa = PBXBuildFile; fileRef = CB5AF06C19B0695400CCB912 /* flashlight-turn-off-icon.png */; };
		CB5AF08319B0695400CCB912 /* flashlight-turn-off-icon@2x.png in Resources */ = {isa = PBXBuildFile; fileRef = CB5AF06D19B0695400CCB912 /* flashlight-turn-off-icon@2x.png */; };
		CB5AF08419B0695400CCB912 /* flashlight-turn-on-icon-pressed.png in Resources */ = {isa = PBXBuildFile; fileRef = CB5AF06E19B0695400CCB912 /* flashlight-turn-on-icon-pressed.png */; };
		CB5AF08519B0695400CCB912 /* flashlight-turn-on-icon-pressed@2x.png in Resources */ = {isa = PBXBuildFile; fileRef = CB5AF06F19B0695400CCB912 /* flashlight-turn-on-icon-pressed@2x.png */; };
		CB5AF08619B0695400CCB912 /* flashlight-turn-on-icon.png in Resources */ = {isa = PBXBuildFile; fileRef = CB5AF07019B0695400CCB912 /* flashlight-turn-on-icon.png */; };
		CB5AF08719B0695400CCB912 /* flashlight-turn-on-icon@2x.png in Resources */ = {isa = PBXBuildFile; fileRef = CB5AF07119B0695400CCB912 /* flashlight-turn-on-icon@2x.png */; };
		CB5AF08819B0695400CCB912 /* libscanditsdk-iphone-4.2.0BETA2.a in Frameworks */ = {isa = PBXBuildFile; fileRef = CB5AF07219B0695400CCB912 /* libscanditsdk-iphone-4.2.0BETA2.a */; };
		CB5AF08919B0695400CCB912 /* LICENSE-2.0.txt in Resources */ = {isa = PBXBuildFile; fileRef = CB5AF07319B0695400CCB912 /* LICENSE-2.0.txt */; };
		CB5AF08A19B0695400CCB912 /* poweredby.png in Resources */ = {isa = PBXBuildFile; fileRef = CB5AF07419B0695400CCB912 /* poweredby.png */; };
		CB5AF08B19B0695400CCB912 /* poweredby@2x.png in Resources */ = {isa = PBXBuildFile; fileRef = CB5AF07519B0695400CCB912 /* poweredby@2x.png */; };
		CB5AF08D19B06A2400CCB912 /* CoreVideo.framework in Frameworks */ = {isa = PBXBuildFile; fileRef = CB5AF08C19B06A2400CCB912 /* CoreVideo.framework */; };
		CB5AF08F19B06A3900CCB912 /* libc++.dylib in Frameworks */ = {isa = PBXBuildFile; fileRef = CB5AF08E19B06A3900CCB912 /* libc++.dylib */; };
		CB5AF09119B06A9A00CCB912 /* UIKit.framework in Frameworks */ = {isa = PBXBuildFile; fileRef = CB5AF09019B06A9A00CCB912 /* UIKit.framework */; };
		CB5AF09319B06AA800CCB912 /* Foundation.framework in Frameworks */ = {isa = PBXBuildFile; fileRef = CB5AF09219B06AA800CCB912 /* Foundation.framework */; };
		CB5AF09519B06AB200CCB912 /* CoreGraphics.framework in Frameworks */ = {isa = PBXBuildFile; fileRef = CB5AF09419B06AB200CCB912 /* CoreGraphics.framework */; };
		CB5AF09719B06ABE00CCB912 /* AudioToolbox.framework in Frameworks */ = {isa = PBXBuildFile; fileRef = CB5AF09619B06ABE00CCB912 /* AudioToolbox.framework */; };
		CB5AF09919B06AC900CCB912 /* libz.dylib in Frameworks */ = {isa = PBXBuildFile; fileRef = CB5AF09819B06AC900CCB912 /* libz.dylib */; };
		CB5AF09B19B06AD100CCB912 /* AVFoundation.framework in Frameworks */ = {isa = PBXBuildFile; fileRef = CB5AF09A19B06AD100CCB912 /* AVFoundation.framework */; };
		CB5AF09D19B06ADE00CCB912 /* CoreMedia.framework in Frameworks */ = {isa = PBXBuildFile; fileRef = CB5AF09C19B06ADE00CCB912 /* CoreMedia.framework */; };
		CB5AF09F19B06AE700CCB912 /* QuartzCore.framework in Frameworks */ = {isa = PBXBuildFile; fileRef = CB5AF09E19B06AE700CCB912 /* QuartzCore.framework */; };
		CB5AF0A119B06AEE00CCB912 /* CoreLocation.framework in Frameworks */ = {isa = PBXBuildFile; fileRef = CB5AF0A019B06AEE00CCB912 /* CoreLocation.framework */; };
		CB5AF0A319B06AF800CCB912 /* SystemConfiguration.framework in Frameworks */ = {isa = PBXBuildFile; fileRef = CB5AF0A219B06AF800CCB912 /* SystemConfiguration.framework */; };
		CB69DA3E19B4A66E009D57F4 /* image.png in Resources */ = {isa = PBXBuildFile; fileRef = CB69DA3D19B4A66E009D57F4 /* image.png */; };
		CB6DD91519B46DB200FB37DE /* QrScannerViewController.swift in Sources */ = {isa = PBXBuildFile; fileRef = CB6DD91419B46DB200FB37DE /* QrScannerViewController.swift */; };
/* End PBXBuildFile section */

/* Begin PBXContainerItemProxy section */
		CB5AF05019B0613500CCB912 /* PBXContainerItemProxy */ = {
			isa = PBXContainerItemProxy;
			containerPortal = CB5AF03519B0613500CCB912 /* Project object */;
			proxyType = 1;
			remoteGlobalIDString = CB5AF03C19B0613500CCB912;
			remoteInfo = helpDesk;
		};
/* End PBXContainerItemProxy section */

/* Begin PBXFileReference section */
		CB59767D19B48FE90075EA8C /* GCD.swift */ = {isa = PBXFileReference; fileEncoding = 4; lastKnownFileType = sourcecode.swift; path = GCD.swift; sourceTree = "<group>"; };
		CB59767E19B48FE90075EA8C /* Net.swift */ = {isa = PBXFileReference; fileEncoding = 4; lastKnownFileType = sourcecode.swift; path = Net.swift; sourceTree = "<group>"; };
		CB59767F19B48FE90075EA8C /* NetData.swift */ = {isa = PBXFileReference; fileEncoding = 4; lastKnownFileType = sourcecode.swift; path = NetData.swift; sourceTree = "<group>"; };
		CB59768019B48FE90075EA8C /* NetDownloadTask.swift */ = {isa = PBXFileReference; fileEncoding = 4; lastKnownFileType = sourcecode.swift; path = NetDownloadTask.swift; sourceTree = "<group>"; };
		CB59768119B48FE90075EA8C /* NetHelper.swift */ = {isa = PBXFileReference; fileEncoding = 4; lastKnownFileType = sourcecode.swift; path = NetHelper.swift; sourceTree = "<group>"; };
		CB59768219B48FE90075EA8C /* NetRequestSerialization.swift */ = {isa = PBXFileReference; fileEncoding = 4; lastKnownFileType = sourcecode.swift; path = NetRequestSerialization.swift; sourceTree = "<group>"; };
		CB59768319B48FE90075EA8C /* NetResponseData.swift */ = {isa = PBXFileReference; fileEncoding = 4; lastKnownFileType = sourcecode.swift; path = NetResponseData.swift; sourceTree = "<group>"; };
		CB59768419B48FE90075EA8C /* NetUploadTask.swift */ = {isa = PBXFileReference; fileEncoding = 4; lastKnownFileType = sourcecode.swift; path = NetUploadTask.swift; sourceTree = "<group>"; };
		CB5AF03D19B0613500CCB912 /* helpDesk.app */ = {isa = PBXFileReference; explicitFileType = wrapper.application; includeInIndex = 0; path = helpDesk.app; sourceTree = BUILT_PRODUCTS_DIR; };
		CB5AF04119B0613500CCB912 /* Info.plist */ = {isa = PBXFileReference; lastKnownFileType = text.plist.xml; path = Info.plist; sourceTree = "<group>"; };
		CB5AF04219B0613500CCB912 /* AppDelegate.swift */ = {isa = PBXFileReference; lastKnownFileType = sourcecode.swift; path = AppDelegate.swift; sourceTree = "<group>"; };
		CB5AF04419B0613500CCB912 /* MainViewController.swift */ = {isa = PBXFileReference; lastKnownFileType = sourcecode.swift; path = MainViewController.swift; sourceTree = "<group>"; };
		CB5AF04719B0613500CCB912 /* Base */ = {isa = PBXFileReference; lastKnownFileType = file.storyboard; name = Base; path = Base.lproj/Main.storyboard; sourceTree = "<group>"; };
		CB5AF04919B0613500CCB912 /* Images.xcassets */ = {isa = PBXFileReference; lastKnownFileType = folder.assetcatalog; path = Images.xcassets; sourceTree = "<group>"; };
		CB5AF04F19B0613500CCB912 /* helpDeskTests.xctest */ = {isa = PBXFileReference; explicitFileType = wrapper.cfbundle; includeInIndex = 0; path = helpDeskTests.xctest; sourceTree = BUILT_PRODUCTS_DIR; };
		CB5AF05419B0613500CCB912 /* Info.plist */ = {isa = PBXFileReference; lastKnownFileType = text.plist.xml; path = Info.plist; sourceTree = "<group>"; };
		CB5AF05519B0613500CCB912 /* helpDeskTests.swift */ = {isa = PBXFileReference; lastKnownFileType = sourcecode.swift; path = helpDeskTests.swift; sourceTree = "<group>"; };
		CB5AF06019B0695400CCB912 /* beep.wav */ = {isa = PBXFileReference; lastKnownFileType = audio.wav; path = beep.wav; sourceTree = "<group>"; };
		CB5AF06119B0695400CCB912 /* camera-swap-icon-pressed.png */ = {isa = PBXFileReference; lastKnownFileType = image.png; path = "camera-swap-icon-pressed.png"; sourceTree = "<group>"; };
		CB5AF06219B0695400CCB912 /* camera-swap-icon-pressed@2x.png */ = {isa = PBXFileReference; lastKnownFileType = image.png; path = "camera-swap-icon-pressed@2x.png"; sourceTree = "<group>"; };
		CB5AF06319B0695400CCB912 /* camera-swap-icon.png */ = {isa = PBXFileReference; lastKnownFileType = image.png; path = "camera-swap-icon.png"; sourceTree = "<group>"; };
		CB5AF06419B0695400CCB912 /* camera-swap-icon@2x.png */ = {isa = PBXFileReference; lastKnownFileType = image.png; path = "camera-swap-icon@2x.png"; sourceTree = "<group>"; };
		CB5AF06519B0695400CCB912 /* CHANGELOG.txt */ = {isa = PBXFileReference; fileEncoding = 4; lastKnownFileType = text; path = CHANGELOG.txt; sourceTree = "<group>"; };
		CB5AF06719B0695400CCB912 /* de */ = {isa = PBXFileReference; lastKnownFileType = text.plist.strings; name = de; path = de.lproj/scanditsdk.strings; sourceTree = "<group>"; };
		CB5AF06819B0695400CCB912 /* empty.cpp */ = {isa = PBXFileReference; fileEncoding = 4; lastKnownFileType = sourcecode.cpp.cpp; path = empty.cpp; sourceTree = "<group>"; };
		CB5AF06919B0695400CCB912 /* en */ = {isa = PBXFileReference; lastKnownFileType = text.plist.strings; name = en; path = en.lproj/scanditsdk.strings; sourceTree = "<group>"; };
		CB5AF06A19B0695400CCB912 /* flashlight-turn-off-icon-pressed.png */ = {isa = PBXFileReference; lastKnownFileType = image.png; path = "flashlight-turn-off-icon-pressed.png"; sourceTree = "<group>"; };
		CB5AF06B19B0695400CCB912 /* flashlight-turn-off-icon-pressed@2x.png */ = {isa = PBXFileReference; lastKnownFileType = image.png; path = "flashlight-turn-off-icon-pressed@2x.png"; sourceTree = "<group>"; };
		CB5AF06C19B0695400CCB912 /* flashlight-turn-off-icon.png */ = {isa = PBXFileReference; lastKnownFileType = image.png; path = "flashlight-turn-off-icon.png"; sourceTree = "<group>"; };
		CB5AF06D19B0695400CCB912 /* flashlight-turn-off-icon@2x.png */ = {isa = PBXFileReference; lastKnownFileType = image.png; path = "flashlight-turn-off-icon@2x.png"; sourceTree = "<group>"; };
		CB5AF06E19B0695400CCB912 /* flashlight-turn-on-icon-pressed.png */ = {isa = PBXFileReference; lastKnownFileType = image.png; path = "flashlight-turn-on-icon-pressed.png"; sourceTree = "<group>"; };
		CB5AF06F19B0695400CCB912 /* flashlight-turn-on-icon-pressed@2x.png */ = {isa = PBXFileReference; lastKnownFileType = image.png; path = "flashlight-turn-on-icon-pressed@2x.png"; sourceTree = "<group>"; };
		CB5AF07019B0695400CCB912 /* flashlight-turn-on-icon.png */ = {isa = PBXFileReference; lastKnownFileType = image.png; path = "flashlight-turn-on-icon.png"; sourceTree = "<group>"; };
		CB5AF07119B0695400CCB912 /* flashlight-turn-on-icon@2x.png */ = {isa = PBXFileReference; lastKnownFileType = image.png; path = "flashlight-turn-on-icon@2x.png"; sourceTree = "<group>"; };
		CB5AF07219B0695400CCB912 /* libscanditsdk-iphone-4.2.0BETA2.a */ = {isa = PBXFileReference; lastKnownFileType = archive.ar; path = "libscanditsdk-iphone-4.2.0BETA2.a"; sourceTree = "<group>"; };
		CB5AF07319B0695400CCB912 /* LICENSE-2.0.txt */ = {isa = PBXFileReference; fileEncoding = 4; lastKnownFileType = text; path = "LICENSE-2.0.txt"; sourceTree = "<group>"; };
		CB5AF07419B0695400CCB912 /* poweredby.png */ = {isa = PBXFileReference; lastKnownFileType = image.png; path = poweredby.png; sourceTree = "<group>"; };
		CB5AF07519B0695400CCB912 /* poweredby@2x.png */ = {isa = PBXFileReference; lastKnownFileType = image.png; path = "poweredby@2x.png"; sourceTree = "<group>"; };
		CB5AF07619B0695400CCB912 /* ScanditSDKBarcodePicker.h */ = {isa = PBXFileReference; fileEncoding = 4; lastKnownFileType = sourcecode.c.h; path = ScanditSDKBarcodePicker.h; sourceTree = "<group>"; };
		CB5AF07719B0695400CCB912 /* ScanditSDKOverlayController.h */ = {isa = PBXFileReference; fileEncoding = 4; lastKnownFileType = sourcecode.c.h; path = ScanditSDKOverlayController.h; sourceTree = "<group>"; };
		CB5AF08C19B06A2400CCB912 /* CoreVideo.framework */ = {isa = PBXFileReference; lastKnownFileType = wrapper.framework; name = CoreVideo.framework; path = System/Library/Frameworks/CoreVideo.framework; sourceTree = SDKROOT; };
		CB5AF08E19B06A3900CCB912 /* libc++.dylib */ = {isa = PBXFileReference; lastKnownFileType = "compiled.mach-o.dylib"; name = "libc++.dylib"; path = "usr/lib/libc++.dylib"; sourceTree = SDKROOT; };
		CB5AF09019B06A9A00CCB912 /* UIKit.framework */ = {isa = PBXFileReference; lastKnownFileType = wrapper.framework; name = UIKit.framework; path = System/Library/Frameworks/UIKit.framework; sourceTree = SDKROOT; };
		CB5AF09219B06AA800CCB912 /* Foundation.framework */ = {isa = PBXFileReference; lastKnownFileType = wrapper.framework; name = Foundation.framework; path = System/Library/Frameworks/Foundation.framework; sourceTree = SDKROOT; };
		CB5AF09419B06AB200CCB912 /* CoreGraphics.framework */ = {isa = PBXFileReference; lastKnownFileType = wrapper.framework; name = CoreGraphics.framework; path = System/Library/Frameworks/CoreGraphics.framework; sourceTree = SDKROOT; };
		CB5AF09619B06ABE00CCB912 /* AudioToolbox.framework */ = {isa = PBXFileReference; lastKnownFileType = wrapper.framework; name = AudioToolbox.framework; path = System/Library/Frameworks/AudioToolbox.framework; sourceTree = SDKROOT; };
		CB5AF09819B06AC900CCB912 /* libz.dylib */ = {isa = PBXFileReference; lastKnownFileType = "compiled.mach-o.dylib"; name = libz.dylib; path = usr/lib/libz.dylib; sourceTree = SDKROOT; };
		CB5AF09A19B06AD100CCB912 /* AVFoundation.framework */ = {isa = PBXFileReference; lastKnownFileType = wrapper.framework; name = AVFoundation.framework; path = System/Library/Frameworks/AVFoundation.framework; sourceTree = SDKROOT; };
		CB5AF09C19B06ADE00CCB912 /* CoreMedia.framework */ = {isa = PBXFileReference; lastKnownFileType = wrapper.framework; name = CoreMedia.framework; path = System/Library/Frameworks/CoreMedia.framework; sourceTree = SDKROOT; };
		CB5AF09E19B06AE700CCB912 /* QuartzCore.framework */ = {isa = PBXFileReference; lastKnownFileType = wrapper.framework; name = QuartzCore.framework; path = System/Library/Frameworks/QuartzCore.framework; sourceTree = SDKROOT; };
		CB5AF0A019B06AEE00CCB912 /* CoreLocation.framework */ = {isa = PBXFileReference; lastKnownFileType = wrapper.framework; name = CoreLocation.framework; path = System/Library/Frameworks/CoreLocation.framework; sourceTree = SDKROOT; };
		CB5AF0A219B06AF800CCB912 /* SystemConfiguration.framework */ = {isa = PBXFileReference; lastKnownFileType = wrapper.framework; name = SystemConfiguration.framework; path = System/Library/Frameworks/SystemConfiguration.framework; sourceTree = SDKROOT; };
		CB69DA3D19B4A66E009D57F4 /* image.png */ = {isa = PBXFileReference; lastKnownFileType = image.png; path = image.png; sourceTree = "<group>"; };
		CB6DD91419B46DB200FB37DE /* QrScannerViewController.swift */ = {isa = PBXFileReference; fileEncoding = 4; lastKnownFileType = sourcecode.swift; path = QrScannerViewController.swift; sourceTree = "<group>"; };
		CB6DD91619B473E900FB37DE /* helpDesk-Bridging-Header.h */ = {isa = PBXFileReference; lastKnownFileType = sourcecode.c.h; path = "helpDesk-Bridging-Header.h"; sourceTree = "<group>"; };
/* End PBXFileReference section */

/* Begin PBXFrameworksBuildPhase section */
		CB5AF03A19B0613500CCB912 /* Frameworks */ = {
			isa = PBXFrameworksBuildPhase;
			buildActionMask = 2147483647;
			files = (
				CB5AF0A319B06AF800CCB912 /* SystemConfiguration.framework in Frameworks */,
				CB5AF0A119B06AEE00CCB912 /* CoreLocation.framework in Frameworks */,
				CB5AF09F19B06AE700CCB912 /* QuartzCore.framework in Frameworks */,
				CB5AF09D19B06ADE00CCB912 /* CoreMedia.framework in Frameworks */,
				CB5AF09B19B06AD100CCB912 /* AVFoundation.framework in Frameworks */,
				CB5AF09919B06AC900CCB912 /* libz.dylib in Frameworks */,
				CB5AF09719B06ABE00CCB912 /* AudioToolbox.framework in Frameworks */,
				CB5AF09519B06AB200CCB912 /* CoreGraphics.framework in Frameworks */,
				CB5AF09319B06AA800CCB912 /* Foundation.framework in Frameworks */,
				CB5AF09119B06A9A00CCB912 /* UIKit.framework in Frameworks */,
				CB5AF08F19B06A3900CCB912 /* libc++.dylib in Frameworks */,
				CB5AF08D19B06A2400CCB912 /* CoreVideo.framework in Frameworks */,
				CB5AF08819B0695400CCB912 /* libscanditsdk-iphone-4.2.0BETA2.a in Frameworks */,
			);
			runOnlyForDeploymentPostprocessing = 0;
		};
		CB5AF04C19B0613500CCB912 /* Frameworks */ = {
			isa = PBXFrameworksBuildPhase;
			buildActionMask = 2147483647;
			files = (
			);
			runOnlyForDeploymentPostprocessing = 0;
		};
/* End PBXFrameworksBuildPhase section */

/* Begin PBXGroup section */
		CB59767C19B48FE90075EA8C /* Net */ = {
			isa = PBXGroup;
			children = (
				CB59767D19B48FE90075EA8C /* GCD.swift */,
				CB59767E19B48FE90075EA8C /* Net.swift */,
				CB59767F19B48FE90075EA8C /* NetData.swift */,
				CB59768019B48FE90075EA8C /* NetDownloadTask.swift */,
				CB59768119B48FE90075EA8C /* NetHelper.swift */,
				CB59768219B48FE90075EA8C /* NetRequestSerialization.swift */,
				CB59768319B48FE90075EA8C /* NetResponseData.swift */,
				CB59768419B48FE90075EA8C /* NetUploadTask.swift */,
			);
			path = Net;
			sourceTree = "<group>";
		};
		CB5AF03419B0613500CCB912 = {
			isa = PBXGroup;
			children = (
				CB6DD91619B473E900FB37DE /* helpDesk-Bridging-Header.h */,
				CB5AF0A419B06ED400CCB912 /* Frameworks */,
				CB5AF03F19B0613500CCB912 /* helpDesk */,
				CB5AF05219B0613500CCB912 /* helpDeskTests */,
				CB5AF03E19B0613500CCB912 /* Products */,
			);
			sourceTree = "<group>";
		};
		CB5AF03E19B0613500CCB912 /* Products */ = {
			isa = PBXGroup;
			children = (
				CB5AF03D19B0613500CCB912 /* helpDesk.app */,
				CB5AF04F19B0613500CCB912 /* helpDeskTests.xctest */,
			);
			name = Products;
			sourceTree = "<group>";
		};
		CB5AF03F19B0613500CCB912 /* helpDesk */ = {
			isa = PBXGroup;
			children = (
				CB69DA3D19B4A66E009D57F4 /* image.png */,
				CB59767C19B48FE90075EA8C /* Net */,
				CB5AF04219B0613500CCB912 /* AppDelegate.swift */,
				CB5AF04419B0613500CCB912 /* MainViewController.swift */,
				CB5AF04619B0613500CCB912 /* Main.storyboard */,
				CB6DD91419B46DB200FB37DE /* QrScannerViewController.swift */,
				CB5AF04919B0613500CCB912 /* Images.xcassets */,
				CB5AF05F19B0695400CCB912 /* ScanditSDK */,
				CB5AF04019B0613500CCB912 /* Supporting Files */,
			);
			path = helpDesk;
			sourceTree = "<group>";
		};
		CB5AF04019B0613500CCB912 /* Supporting Files */ = {
			isa = PBXGroup;
			children = (
				CB5AF04119B0613500CCB912 /* Info.plist */,
			);
			name = "Supporting Files";
			sourceTree = "<group>";
		};
		CB5AF05219B0613500CCB912 /* helpDeskTests */ = {
			isa = PBXGroup;
			children = (
				CB5AF05519B0613500CCB912 /* helpDeskTests.swift */,
				CB5AF05319B0613500CCB912 /* Supporting Files */,
			);
			path = helpDeskTests;
			sourceTree = "<group>";
		};
		CB5AF05319B0613500CCB912 /* Supporting Files */ = {
			isa = PBXGroup;
			children = (
				CB5AF05419B0613500CCB912 /* Info.plist */,
			);
			name = "Supporting Files";
			sourceTree = "<group>";
		};
		CB5AF05F19B0695400CCB912 /* ScanditSDK */ = {
			isa = PBXGroup;
			children = (
				CB5AF06019B0695400CCB912 /* beep.wav */,
				CB5AF06119B0695400CCB912 /* camera-swap-icon-pressed.png */,
				CB5AF06219B0695400CCB912 /* camera-swap-icon-pressed@2x.png */,
				CB5AF06319B0695400CCB912 /* camera-swap-icon.png */,
				CB5AF06419B0695400CCB912 /* camera-swap-icon@2x.png */,
				CB5AF06519B0695400CCB912 /* CHANGELOG.txt */,
				CB5AF06619B0695400CCB912 /* scanditsdk.strings */,
				CB5AF06819B0695400CCB912 /* empty.cpp */,
				CB5AF06A19B0695400CCB912 /* flashlight-turn-off-icon-pressed.png */,
				CB5AF06B19B0695400CCB912 /* flashlight-turn-off-icon-pressed@2x.png */,
				CB5AF06C19B0695400CCB912 /* flashlight-turn-off-icon.png */,
				CB5AF06D19B0695400CCB912 /* flashlight-turn-off-icon@2x.png */,
				CB5AF06E19B0695400CCB912 /* flashlight-turn-on-icon-pressed.png */,
				CB5AF06F19B0695400CCB912 /* flashlight-turn-on-icon-pressed@2x.png */,
				CB5AF07019B0695400CCB912 /* flashlight-turn-on-icon.png */,
				CB5AF07119B0695400CCB912 /* flashlight-turn-on-icon@2x.png */,
				CB5AF07219B0695400CCB912 /* libscanditsdk-iphone-4.2.0BETA2.a */,
				CB5AF07319B0695400CCB912 /* LICENSE-2.0.txt */,
				CB5AF07419B0695400CCB912 /* poweredby.png */,
				CB5AF07519B0695400CCB912 /* poweredby@2x.png */,
				CB5AF07619B0695400CCB912 /* ScanditSDKBarcodePicker.h */,
				CB5AF07719B0695400CCB912 /* ScanditSDKOverlayController.h */,
			);
			path = ScanditSDK;
			sourceTree = "<group>";
		};
		CB5AF0A419B06ED400CCB912 /* Frameworks */ = {
			isa = PBXGroup;
			children = (
				CB5AF0A219B06AF800CCB912 /* SystemConfiguration.framework */,
				CB5AF0A019B06AEE00CCB912 /* CoreLocation.framework */,
				CB5AF09E19B06AE700CCB912 /* QuartzCore.framework */,
				CB5AF09C19B06ADE00CCB912 /* CoreMedia.framework */,
				CB5AF09A19B06AD100CCB912 /* AVFoundation.framework */,
				CB5AF09819B06AC900CCB912 /* libz.dylib */,
				CB5AF09619B06ABE00CCB912 /* AudioToolbox.framework */,
				CB5AF09419B06AB200CCB912 /* CoreGraphics.framework */,
				CB5AF09219B06AA800CCB912 /* Foundation.framework */,
				CB5AF09019B06A9A00CCB912 /* UIKit.framework */,
				CB5AF08E19B06A3900CCB912 /* libc++.dylib */,
				CB5AF08C19B06A2400CCB912 /* CoreVideo.framework */,
			);
			name = Frameworks;
			sourceTree = "<group>";
		};
/* End PBXGroup section */

/* Begin PBXNativeTarget section */
		CB5AF03C19B0613500CCB912 /* helpDesk */ = {
			isa = PBXNativeTarget;
			buildConfigurationList = CB5AF05919B0613500CCB912 /* Build configuration list for PBXNativeTarget "helpDesk" */;
			buildPhases = (
				CB5AF03919B0613500CCB912 /* Sources */,
				CB5AF03A19B0613500CCB912 /* Frameworks */,
				CB5AF03B19B0613500CCB912 /* Resources */,
			);
			buildRules = (
			);
			dependencies = (
			);
			name = helpDesk;
			productName = helpDesk;
			productReference = CB5AF03D19B0613500CCB912 /* helpDesk.app */;
			productType = "com.apple.product-type.application";
		};
		CB5AF04E19B0613500CCB912 /* helpDeskTests */ = {
			isa = PBXNativeTarget;
			buildConfigurationList = CB5AF05C19B0613500CCB912 /* Build configuration list for PBXNativeTarget "helpDeskTests" */;
			buildPhases = (
				CB5AF04B19B0613500CCB912 /* Sources */,
				CB5AF04C19B0613500CCB912 /* Frameworks */,
				CB5AF04D19B0613500CCB912 /* Resources */,
			);
			buildRules = (
			);
			dependencies = (
				CB5AF05119B0613500CCB912 /* PBXTargetDependency */,
			);
			name = helpDeskTests;
			productName = helpDeskTests;
			productReference = CB5AF04F19B0613500CCB912 /* helpDeskTests.xctest */;
			productType = "com.apple.product-type.bundle.unit-test";
		};
/* End PBXNativeTarget section */

/* Begin PBXProject section */
		CB5AF03519B0613500CCB912 /* Project object */ = {
			isa = PBXProject;
			attributes = {
				LastUpgradeCheck = 0600;
				ORGANIZATIONNAME = "Alexey Chulochnikov";
				TargetAttributes = {
					CB5AF03C19B0613500CCB912 = {
						CreatedOnToolsVersion = 6.0;
					};
					CB5AF04E19B0613500CCB912 = {
						CreatedOnToolsVersion = 6.0;
						TestTargetID = CB5AF03C19B0613500CCB912;
					};
				};
			};
			buildConfigurationList = CB5AF03819B0613500CCB912 /* Build configuration list for PBXProject "helpDesk" */;
			compatibilityVersion = "Xcode 3.2";
			developmentRegion = English;
			hasScannedForEncodings = 0;
			knownRegions = (
				en,
				Base,
				de,
			);
			mainGroup = CB5AF03419B0613500CCB912;
			productRefGroup = CB5AF03E19B0613500CCB912 /* Products */;
			projectDirPath = "";
			projectRoot = "";
			targets = (
				CB5AF03C19B0613500CCB912 /* helpDesk */,
				CB5AF04E19B0613500CCB912 /* helpDeskTests */,
			);
		};
/* End PBXProject section */

/* Begin PBXResourcesBuildPhase section */
		CB5AF03B19B0613500CCB912 /* Resources */ = {
			isa = PBXResourcesBuildPhase;
			buildActionMask = 2147483647;
			files = (
				CB5AF07B19B0695400CCB912 /* camera-swap-icon.png in Resources */,
				CB5AF08219B0695400CCB912 /* flashlight-turn-off-icon.png in Resources */,
				CB5AF07C19B0695400CCB912 /* camera-swap-icon@2x.png in Resources */,
				CB5AF08419B0695400CCB912 /* flashlight-turn-on-icon-pressed.png in Resources */,
				CB5AF08319B0695400CCB912 /* flashlight-turn-off-icon@2x.png in Resources */,
				CB5AF08919B0695400CCB912 /* LICENSE-2.0.txt in Resources */,
				CB5AF08B19B0695400CCB912 /* poweredby@2x.png in Resources */,
				CB69DA3E19B4A66E009D57F4 /* image.png in Resources */,
				CB5AF08A19B0695400CCB912 /* poweredby.png in Resources */,
				CB5AF07819B0695400CCB912 /* beep.wav in Resources */,
				CB5AF08719B0695400CCB912 /* flashlight-turn-on-icon@2x.png in Resources */,
				CB5AF07D19B0695400CCB912 /* CHANGELOG.txt in Resources */,
				CB5AF07919B0695400CCB912 /* camera-swap-icon-pressed.png in Resources */,
				CB5AF04819B0613500CCB912 /* Main.storyboard in Resources */,
				CB5AF07E19B0695400CCB912 /* scanditsdk.strings in Resources */,
				CB5AF08619B0695400CCB912 /* flashlight-turn-on-icon.png in Resources */,
				CB5AF07A19B0695400CCB912 /* camera-swap-icon-pressed@2x.png in Resources */,
				CB5AF08519B0695400CCB912 /* flashlight-turn-on-icon-pressed@2x.png in Resources */,
				CB5AF08019B0695400CCB912 /* flashlight-turn-off-icon-pressed.png in Resources */,
				CB5AF04A19B0613500CCB912 /* Images.xcassets in Resources */,
				CB5AF08119B0695400CCB912 /* flashlight-turn-off-icon-pressed@2x.png in Resources */,
			);
			runOnlyForDeploymentPostprocessing = 0;
		};
		CB5AF04D19B0613500CCB912 /* Resources */ = {
			isa = PBXResourcesBuildPhase;
			buildActionMask = 2147483647;
			files = (
			);
			runOnlyForDeploymentPostprocessing = 0;
		};
/* End PBXResourcesBuildPhase section */

/* Begin PBXSourcesBuildPhase section */
		CB5AF03919B0613500CCB912 /* Sources */ = {
			isa = PBXSourcesBuildPhase;
			buildActionMask = 2147483647;
			files = (
				CB59768519B48FE90075EA8C /* GCD.swift in Sources */,
				CB59768C19B48FE90075EA8C /* NetUploadTask.swift in Sources */,
				CB59768619B48FE90075EA8C /* Net.swift in Sources */,
				CB59768A19B48FE90075EA8C /* NetRequestSerialization.swift in Sources */,
				CB59768919B48FE90075EA8C /* NetHelper.swift in Sources */,
				CB59768819B48FE90075EA8C /* NetDownloadTask.swift in Sources */,
				CB6DD91519B46DB200FB37DE /* QrScannerViewController.swift in Sources */,
				CB5AF04519B0613500CCB912 /* MainViewController.swift in Sources */,
				CB59768719B48FE90075EA8C /* NetData.swift in Sources */,
				CB5AF04319B0613500CCB912 /* AppDelegate.swift in Sources */,
				CB5AF07F19B0695400CCB912 /* empty.cpp in Sources */,
				CB59768B19B48FE90075EA8C /* NetResponseData.swift in Sources */,
			);
			runOnlyForDeploymentPostprocessing = 0;
		};
		CB5AF04B19B0613500CCB912 /* Sources */ = {
			isa = PBXSourcesBuildPhase;
			buildActionMask = 2147483647;
			files = (
				CB5AF05619B0613500CCB912 /* helpDeskTests.swift in Sources */,
			);
			runOnlyForDeploymentPostprocessing = 0;
		};
/* End PBXSourcesBuildPhase section */

/* Begin PBXTargetDependency section */
		CB5AF05119B0613500CCB912 /* PBXTargetDependency */ = {
			isa = PBXTargetDependency;
			target = CB5AF03C19B0613500CCB912 /* helpDesk */;
			targetProxy = CB5AF05019B0613500CCB912 /* PBXContainerItemProxy */;
		};
/* End PBXTargetDependency section */

/* Begin PBXVariantGroup section */
		CB5AF04619B0613500CCB912 /* Main.storyboard */ = {
			isa = PBXVariantGroup;
			children = (
				CB5AF04719B0613500CCB912 /* Base */,
			);
			name = Main.storyboard;
			sourceTree = "<group>";
		};
		CB5AF06619B0695400CCB912 /* scanditsdk.strings */ = {
			isa = PBXVariantGroup;
			children = (
				CB5AF06719B0695400CCB912 /* de */,
				CB5AF06919B0695400CCB912 /* en */,
			);
			name = scanditsdk.strings;
			sourceTree = "<group>";
		};
/* End PBXVariantGroup section */

/* Begin XCBuildConfiguration section */
		CB5AF05719B0613500CCB912 /* Debug */ = {
			isa = XCBuildConfiguration;
			buildSettings = {
				ALWAYS_SEARCH_USER_PATHS = NO;
				CLANG_CXX_LANGUAGE_STANDARD = "gnu++0x";
				CLANG_CXX_LIBRARY = "libc++";
				CLANG_ENABLE_MODULES = YES;
				CLANG_ENABLE_OBJC_ARC = YES;
				CLANG_WARN_BOOL_CONVERSION = YES;
				CLANG_WARN_CONSTANT_CONVERSION = YES;
				CLANG_WARN_DIRECT_OBJC_ISA_USAGE = YES_ERROR;
				CLANG_WARN_EMPTY_BODY = YES;
				CLANG_WARN_ENUM_CONVERSION = YES;
				CLANG_WARN_INT_CONVERSION = YES;
				CLANG_WARN_OBJC_ROOT_CLASS = YES_ERROR;
				CLANG_WARN_UNREACHABLE_CODE = YES;
				CLANG_WARN__DUPLICATE_METHOD_MATCH = YES;
				"CODE_SIGN_IDENTITY[sdk=iphoneos*]" = "iPhone Developer";
				COPY_PHASE_STRIP = NO;
				ENABLE_STRICT_OBJC_MSGSEND = YES;
				GCC_C_LANGUAGE_STANDARD = gnu99;
				GCC_DYNAMIC_NO_PIC = NO;
				GCC_OPTIMIZATION_LEVEL = 0;
				GCC_PREPROCESSOR_DEFINITIONS = (
					"DEBUG=1",
					"$(inherited)",
				);
				GCC_SYMBOLS_PRIVATE_EXTERN = NO;
				GCC_WARN_64_TO_32_BIT_CONVERSION = YES;
				GCC_WARN_ABOUT_RETURN_TYPE = YES_ERROR;
				GCC_WARN_UNDECLARED_SELECTOR = YES;
				GCC_WARN_UNINITIALIZED_AUTOS = YES_AGGRESSIVE;
				GCC_WARN_UNUSED_FUNCTION = YES;
				GCC_WARN_UNUSED_VARIABLE = YES;
				IPHONEOS_DEPLOYMENT_TARGET = 8.0;
				MTL_ENABLE_DEBUG_INFO = YES;
				ONLY_ACTIVE_ARCH = YES;
				SDKROOT = iphoneos;
				SWIFT_OPTIMIZATION_LEVEL = "-Onone";
			};
			name = Debug;
		};
		CB5AF05819B0613500CCB912 /* Release */ = {
			isa = XCBuildConfiguration;
			buildSettings = {
				ALWAYS_SEARCH_USER_PATHS = NO;
				CLANG_CXX_LANGUAGE_STANDARD = "gnu++0x";
				CLANG_CXX_LIBRARY = "libc++";
				CLANG_ENABLE_MODULES = YES;
				CLANG_ENABLE_OBJC_ARC = YES;
				CLANG_WARN_BOOL_CONVERSION = YES;
				CLANG_WARN_CONSTANT_CONVERSION = YES;
				CLANG_WARN_DIRECT_OBJC_ISA_USAGE = YES_ERROR;
				CLANG_WARN_EMPTY_BODY = YES;
				CLANG_WARN_ENUM_CONVERSION = YES;
				CLANG_WARN_INT_CONVERSION = YES;
				CLANG_WARN_OBJC_ROOT_CLASS = YES_ERROR;
				CLANG_WARN_UNREACHABLE_CODE = YES;
				CLANG_WARN__DUPLICATE_METHOD_MATCH = YES;
				"CODE_SIGN_IDENTITY[sdk=iphoneos*]" = "iPhone Developer";
				COPY_PHASE_STRIP = YES;
				ENABLE_NS_ASSERTIONS = NO;
				ENABLE_STRICT_OBJC_MSGSEND = YES;
				GCC_C_LANGUAGE_STANDARD = gnu99;
				GCC_WARN_64_TO_32_BIT_CONVERSION = YES;
				GCC_WARN_ABOUT_RETURN_TYPE = YES_ERROR;
				GCC_WARN_UNDECLARED_SELECTOR = YES;
				GCC_WARN_UNINITIALIZED_AUTOS = YES_AGGRESSIVE;
				GCC_WARN_UNUSED_FUNCTION = YES;
				GCC_WARN_UNUSED_VARIABLE = YES;
				IPHONEOS_DEPLOYMENT_TARGET = 8.0;
				MTL_ENABLE_DEBUG_INFO = NO;
				SDKROOT = iphoneos;
				VALIDATE_PRODUCT = YES;
			};
			name = Release;
		};
		CB5AF05A19B0613500CCB912 /* Debug */ = {
			isa = XCBuildConfiguration;
			buildSettings = {
				ASSETCATALOG_COMPILER_APPICON_NAME = AppIcon;
				ASSETCATALOG_COMPILER_LAUNCHIMAGE_NAME = LaunchImage;
				INFOPLIST_FILE = helpDesk/Info.plist;
				IPHONEOS_DEPLOYMENT_TARGET = 8.0;
				LD_RUNPATH_SEARCH_PATHS = "$(inherited) @executable_path/Frameworks";
				LIBRARY_SEARCH_PATHS = (
					"$(inherited)",
					"$(PROJECT_DIR)/helpDesk/ScanditSDK",
				);
				PRODUCT_NAME = "$(TARGET_NAME)";
			};
			name = Debug;
		};
		CB5AF05B19B0613500CCB912 /* Release */ = {
			isa = XCBuildConfiguration;
			buildSettings = {
				ASSETCATALOG_COMPILER_APPICON_NAME = AppIcon;
				ASSETCATALOG_COMPILER_LAUNCHIMAGE_NAME = LaunchImage;
				INFOPLIST_FILE = helpDesk/Info.plist;
				IPHONEOS_DEPLOYMENT_TARGET = 8.0;
				LD_RUNPATH_SEARCH_PATHS = "$(inherited) @executable_path/Frameworks";
				LIBRARY_SEARCH_PATHS = (
					"$(inherited)",
					"$(PROJECT_DIR)/helpDesk/ScanditSDK",
				);
				PRODUCT_NAME = "$(TARGET_NAME)";
			};
			name = Release;
		};
		CB5AF05D19B0613500CCB912 /* Debug */ = {
			isa = XCBuildConfiguration;
			buildSettings = {
				BUNDLE_LOADER = "$(TEST_HOST)";
				FRAMEWORK_SEARCH_PATHS = (
					"$(SDKROOT)/Developer/Library/Frameworks",
					"$(inherited)",
				);
				GCC_PREPROCESSOR_DEFINITIONS = (
					"DEBUG=1",
					"$(inherited)",
				);
				INFOPLIST_FILE = helpDeskTests/Info.plist;
				LD_RUNPATH_SEARCH_PATHS = "$(inherited) @executable_path/Frameworks @loader_path/Frameworks";
				PRODUCT_NAME = "$(TARGET_NAME)";
				TEST_HOST = "$(BUILT_PRODUCTS_DIR)/helpDesk.app/helpDesk";
			};
			name = Debug;
		};
		CB5AF05E19B0613500CCB912 /* Release */ = {
			isa = XCBuildConfiguration;
			buildSettings = {
				BUNDLE_LOADER = "$(TEST_HOST)";
				FRAMEWORK_SEARCH_PATHS = (
					"$(SDKROOT)/Developer/Library/Frameworks",
					"$(inherited)",
				);
				INFOPLIST_FILE = helpDeskTests/Info.plist;
				LD_RUNPATH_SEARCH_PATHS = "$(inherited) @executable_path/Frameworks @loader_path/Frameworks";
				PRODUCT_NAME = "$(TARGET_NAME)";
				TEST_HOST = "$(BUILT_PRODUCTS_DIR)/helpDesk.app/helpDesk";
			};
			name = Release;
		};
/* End XCBuildConfiguration section */

/* Begin XCConfigurationList section */
		CB5AF03819B0613500CCB912 /* Build configuration list for PBXProject "helpDesk" */ = {
			isa = XCConfigurationList;
			buildConfigurations = (
				CB5AF05719B0613500CCB912 /* Debug */,
				CB5AF05819B0613500CCB912 /* Release */,
			);
			defaultConfigurationIsVisible = 0;
			defaultConfigurationName = Release;
		};
		CB5AF05919B0613500CCB912 /* Build configuration list for PBXNativeTarget "helpDesk" */ = {
			isa = XCConfigurationList;
			buildConfigurations = (
				CB5AF05A19B0613500CCB912 /* Debug */,
				CB5AF05B19B0613500CCB912 /* Release */,
			);
			defaultConfigurationIsVisible = 0;
			defaultConfigurationName = Release;
		};
		CB5AF05C19B0613500CCB912 /* Build configuration list for PBXNativeTarget "helpDeskTests" */ = {
			isa = XCConfigurationList;
			buildConfigurations = (
				CB5AF05D19B0613500CCB912 /* Debug */,
				CB5AF05E19B0613500CCB912 /* Release */,
			);
			defaultConfigurationIsVisible = 0;
			defaultConfigurationName = Release;
		};
/* End XCConfigurationList section */
	};
	rootObject = CB5AF03519B0613500CCB912 /* Project object */;
}
